
Microsoft Visual Studio Solution File, Format Version 12.00
# Visual Studio 15
VisualStudioVersion = 15.0.28307.1022
MinimumVisualStudioVersion = 10.0.40219.1
Project("{FAE04EC0-301F-11D3-BF4B-00C04F79EFBC}") = "AzureWebApiApplication", "AzureWebApiApplication\AzureWebApiApplication.csproj", "{870DDC69-02A8-4446-B5AD-B49D3B7AD272}"
EndProject
Global
	GlobalSection(SolutionConfigurationPlatforms) = preSolution
		Debug|Any CPU = Debug|Any CPU
		Release|Any CPU = Release|Any CPU
	EndGlobalSection
	GlobalSection(ProjectConfigurationPlatforms) = postSolution
		{870DDC69-02A8-4446-B5AD-B49D3B7AD272}.Debug|Any CPU.ActiveCfg = Debug|Any CPU
		{870DDC69-02A8-4446-B5AD-B49D3B7AD272}.Debug|Any CPU.Build.0 = Debug|Any CPU
		{870DDC69-02A8-4446-B5AD-B49D3B7AD272}.Release|Any CPU.ActiveCfg = Release|Any CPU
		{870DDC69-02A8-4446-B5AD-B49D3B7AD272}.Release|Any CPU.Build.0 = Release|Any CPU
	EndGlobalSection
	GlobalSection(SolutionProperties) = preSolution
		HideSolutionNode = FALSE
	EndGlobalSection
	GlobalSection(ExtensibilityGlobals) = postSolution
		SolutionGuid = {D8F2C1AD-C9FC-4628-8678-F8A0CEE5386D}
	EndGlobalSection
EndGlobal
